{
    "name": "@guardian/dashboard-core",
    "version": "1.0.0",
    "lockfileVersion": 3,
    "requires": true,
    "packages": {
        "": {
            "name": "@guardian/dashboard-core",
            "version": "1.0.0",
            "dependencies": {
                "@tanstack/react-query": "^5.0.0",
                "react": "^19.0.0",
                "react-dom": "^19.0.0"
            },
            "devDependencies": {
                "@types/minimatch": "^5.1.2",
                "@types/node": "^20.0.0",
                "@types/react": "^18.2.0",
                "@types/react-dom": "^18.2.0",
                "typescript": "^5.0.0"
            },
            "peerDependencies": {
                "@tanstack/react-query": "^4.0.0 || ^5.0.0",
                "react": "^18.0.0 || ^19.0.0",
                "react-dom": "^18.0.0 || ^19.0.0"
            }
        },
        "../../../../../../node_modules/.pnpm/@tanstack+react-query@5.90.7_react@19.2.0/node_modules/@tanstack/react-query": {
            "version": "5.90.7",
            "license": "MIT",
            "dependencies": {
                "@tanstack/query-core": "5.90.7"
            },
            "devDependencies": {
                "@tanstack/query-persist-client-core": "5.91.6",
                "@tanstack/query-test-utils": "0.0.0",
                "@testing-library/react": "^16.1.0",
                "@testing-library/react-render-stream": "^2.0.0",
                "@types/react": "^19.0.1",
                "@types/react-dom": "^19.0.2",
                "@vitejs/plugin-react": "^4.3.4",
                "cpy-cli": "^5.0.0",
                "npm-run-all2": "^5.0.0",
                "react": "^19.0.0",
                "react-dom": "^19.0.0",
                "react-error-boundary": "^4.1.2"
            },
            "funding": {
                "type": "github",
                "url": "https://github.com/sponsors/tannerlinsley"
            },
            "peerDependencies": {
                "react": "^18 || ^19"
            }
        },
        "../../../../../../node_modules/.pnpm/react@19.2.0/node_modules/react": {
            "version": "19.2.0",
            "license": "MIT",
            "engines": {
                "node": ">=0.10.0"
            }
        },
        "../../../../../../node_modules/.pnpm/typescript@5.9.3/node_modules/typescript": {
            "version": "5.9.3",
            "dev": true,
            "license": "Apache-2.0",
            "bin": {
                "tsc": "bin/tsc",
                "tsserver": "bin/tsserver"
            },
            "devDependencies": {
                "@dprint/formatter": "^0.4.1",
                "@dprint/typescript": "0.93.4",
                "@esfx/canceltoken": "^1.0.0",
                "@eslint/js": "^9.20.0",
                "@octokit/rest": "^21.1.1",
                "@types/chai": "^4.3.20",
                "@types/diff": "^7.0.1",
                "@types/minimist": "^1.2.5",
                "@types/mocha": "^10.0.10",
                "@types/ms": "^0.7.34",
                "@types/node": "latest",
                "@types/source-map-support": "^0.5.10",
                "@types/which": "^3.0.4",
                "@typescript-eslint/rule-tester": "^8.24.1",
                "@typescript-eslint/type-utils": "^8.24.1",
                "@typescript-eslint/utils": "^8.24.1",
                "azure-devops-node-api": "^14.1.0",
                "c8": "^10.1.3",
                "chai": "^4.5.0",
                "chokidar": "^4.0.3",
                "diff": "^7.0.0",
                "dprint": "^0.49.0",
                "esbuild": "^0.25.0",
                "eslint": "^9.20.1",
                "eslint-formatter-autolinkable-stylish": "^1.4.0",
                "eslint-plugin-regexp": "^2.7.0",
                "fast-xml-parser": "^4.5.2",
                "glob": "^10.4.5",
                "globals": "^15.15.0",
                "hereby": "^1.10.0",
                "jsonc-parser": "^3.3.1",
                "knip": "^5.44.4",
                "minimist": "^1.2.8",
                "mocha": "^10.8.2",
                "mocha-fivemat-progress-reporter": "^0.1.0",
                "monocart-coverage-reports": "^2.12.1",
                "ms": "^2.1.3",
                "picocolors": "^1.1.1",
                "playwright": "^1.50.1",
                "source-map-support": "^0.5.21",
                "tslib": "^2.8.1",
                "typescript": "^5.7.3",
                "typescript-eslint": "^8.24.1",
                "which": "^3.0.1"
            },
            "engines": {
                "node": ">=14.17"
            }
        },
        "node_modules/@tanstack/react-query": {
            "resolved": "../../../../../../node_modules/.pnpm/@tanstack+react-query@5.90.7_react@19.2.0/node_modules/@tanstack/react-query",
            "link": true
        },
        "node_modules/@types/minimatch": {
            "version": "5.1.2",
            "resolved": "https://registry.npmjs.org/@types/minimatch/-/minimatch-5.1.2.tgz",
            "integrity": "sha512-K0VQKziLUWkVKiRVrx4a40iPaxTUefQmjtkQofBkYRcoaaL/8rhwDWww9qWbrgicNOgnpIsMxyNIUM4+n6dUIA==",
            "dev": true,
            "license": "MIT"
        },
        "node_modules/@types/node": {
            "version": "20.19.25",
            "resolved": "https://registry.npmjs.org/@types/node/-/node-20.19.25.tgz",
            "integrity": "sha512-ZsJzA5thDQMSQO788d7IocwwQbI8B5OPzmqNvpf3NY/+MHDAS759Wo0gd2WQeXYt5AAAQjzcrTVC6SKCuYgoCQ==",
            "dev": true,
            "license": "MIT",
            "dependencies": {
                "undici-types": "~6.21.0"
            }
        },
        "node_modules/@types/prop-types": {
            "version": "15.7.15",
            "resolved": "https://registry.npmjs.org/@types/prop-types/-/prop-types-15.7.15.tgz",
            "integrity": "sha512-F6bEyamV9jKGAFBEmlQnesRPGOQqS2+Uwi0Em15xenOxHaf2hv6L8YCVn3rPdPJOiJfPiCnLIRyvwVaqMY3MIw==",
            "dev": true,
            "license": "MIT"
        },
        "node_modules/@types/react": {
            "version": "18.3.27",
            "resolved": "https://registry.npmjs.org/@types/react/-/react-18.3.27.tgz",
            "integrity": "sha512-cisd7gxkzjBKU2GgdYrTdtQx1SORymWyaAFhaxQPK9bYO9ot3Y5OikQRvY0VYQtvwjeQnizCINJAenh/V7MK2w==",
            "dev": true,
            "license": "MIT",
            "dependencies": {
                "@types/prop-types": "*",
                "csstype": "^3.2.2"
            }
        },
        "node_modules/@types/react-dom": {
            "version": "18.3.7",
            "resolved": "https://registry.npmjs.org/@types/react-dom/-/react-dom-18.3.7.tgz",
            "integrity": "sha512-MEe3UeoENYVFXzoXEWsvcpg6ZvlrFNlOQ7EOsvhI3CfAXwzPfO8Qwuxd40nepsYKqyyVQnTdEfv68q91yLcKrQ==",
            "dev": true,
            "license": "MIT",
            "peerDependencies": {
                "@types/react": "^18.0.0"
            }
        },
        "node_modules/csstype": {
            "version": "3.2.3",
            "resolved": "https://registry.npmjs.org/csstype/-/csstype-3.2.3.tgz",
            "integrity": "sha512-z1HGKcYy2xA8AGQfwrn0PAy+PB7X/GSj3UVJW9qKyn43xWa+gl5nXmU4qqLMRzWVLFC8KusUX8T/0kCiOYpAIQ==",
            "dev": true,
            "license": "MIT"
        },
        "node_modules/react": {
            "resolved": "../../../../../../node_modules/.pnpm/react@19.2.0/node_modules/react",
            "link": true
        },
        "node_modules/react-dom": {
            "version": "19.2.0",
            "resolved": "https://registry.npmjs.org/react-dom/-/react-dom-19.2.0.tgz",
            "integrity": "sha512-UlbRu4cAiGaIewkPyiRGJk0imDN2T3JjieT6spoL2UeSf5od4n5LB/mQ4ejmxhCFT1tYe8IvaFulzynWovsEFQ==",
            "license": "MIT",
            "dependencies": {
                "scheduler": "^0.27.0"
            },
            "peerDependencies": {
                "react": "^19.2.0"
            }
        },
        "node_modules/scheduler": {
            "version": "0.27.0",
            "resolved": "https://registry.npmjs.org/scheduler/-/scheduler-0.27.0.tgz",
            "integrity": "sha512-eNv+WrVbKu1f3vbYJT/xtiF5syA5HPIMtf9IgY/nKg0sWqzAUEvqY/xm7OcZc/qafLx/iO9FgOmeSAp4v5ti/Q==",
            "license": "MIT"
        },
        "node_modules/typescript": {
            "resolved": "../../../../../../node_modules/.pnpm/typescript@5.9.3/node_modules/typescript",
            "link": true
        },
        "node_modules/undici-types": {
            "version": "6.21.0",
            "resolved": "https://registry.npmjs.org/undici-types/-/undici-types-6.21.0.tgz",
            "integrity": "sha512-iwDZqg0QAGrg9Rav5H4n0M64c3mkR59cJ6wQp+7C4nI0gsmExaedaYLNO44eT4AtBBwjbTiGPMlt2Md0T9H9JQ==",
            "dev": true,
            "license": "MIT"
        }
    }
}
